
Microsoft Visual Studio Solution File, Format Version 12.00
# Visual Studio Version 17
VisualStudioVersion = 17.8.34330.188
MinimumVisualStudioVersion = 10.0.40219.1
Project("{9A19103F-16F7-4668-BE54-9A1E7A4F7556}") = "Bom.Observations.ConsoleApp", "Bom.Observations.Console\Bom.Observations.ConsoleApp.csproj", "{59E97816-D049-46D4-B5D9-AA3138C4076D}"
EndProject
Project("{9A19103F-16F7-4668-BE54-9A1E7A4F7556}") = "Bom.Observations.WebApi", "Bom.Observations.WebApi\Bom.Observations.WebApi.csproj", "{60E7B327-D803-4AB4-BDCB-0267E74A6FF8}"
EndProject
Project("{9A19103F-16F7-4668-BE54-9A1E7A4F7556}") = "Bom.Observations.Common", "Bom.Observations.Common\Bom.Observations.Common.csproj", "{1750FBE6-718D-444A-867E-0CF463A1A518}"
EndProject
Global
	GlobalSection(SolutionConfigurationPlatforms) = preSolution
		Debug|Any CPU = Debug|Any CPU
		Release|Any CPU = Release|Any CPU
	EndGlobalSection
	GlobalSection(ProjectConfigurationPlatforms) = postSolution
		{59E97816-D049-46D4-B5D9-AA3138C4076D}.Debug|Any CPU.ActiveCfg = Debug|Any CPU
		{59E97816-D049-46D4-B5D9-AA3138C4076D}.Debug|Any CPU.Build.0 = Debug|Any CPU
		{59E97816-D049-46D4-B5D9-AA3138C4076D}.Release|Any CPU.ActiveCfg = Release|Any CPU
		{59E97816-D049-46D4-B5D9-AA3138C4076D}.Release|Any CPU.Build.0 = Release|Any CPU
		{60E7B327-D803-4AB4-BDCB-0267E74A6FF8}.Debug|Any CPU.ActiveCfg = Debug|Any CPU
		{60E7B327-D803-4AB4-BDCB-0267E74A6FF8}.Debug|Any CPU.Build.0 = Debug|Any CPU
		{60E7B327-D803-4AB4-BDCB-0267E74A6FF8}.Release|Any CPU.ActiveCfg = Release|Any CPU
		{60E7B327-D803-4AB4-BDCB-0267E74A6FF8}.Release|Any CPU.Build.0 = Release|Any CPU
		{1750FBE6-718D-444A-867E-0CF463A1A518}.Debug|Any CPU.ActiveCfg = Debug|Any CPU
		{1750FBE6-718D-444A-867E-0CF463A1A518}.Debug|Any CPU.Build.0 = Debug|Any CPU
		{1750FBE6-718D-444A-867E-0CF463A1A518}.Release|Any CPU.ActiveCfg = Release|Any CPU
		{1750FBE6-718D-444A-867E-0CF463A1A518}.Release|Any CPU.Build.0 = Release|Any CPU
	EndGlobalSection
	GlobalSection(SolutionProperties) = preSolution
		HideSolutionNode = FALSE
	EndGlobalSection
	GlobalSection(ExtensibilityGlobals) = postSolution
		SolutionGuid = {AA277363-41D1-4B3D-AACC-F0C26E90459F}
	EndGlobalSection
EndGlobal
